
Microsoft Visual Studio Solution File, Format Version 12.00
# Visual Studio 15
VisualStudioVersion = 15.0.28307.1300
MinimumVisualStudioVersion = 10.0.40219.1
Project("{FAE04EC0-301F-11D3-BF4B-00C04F79EFBC}") = "ManagementHighStudySystem", "ManagementHighStudySystem\ManagementHighStudySystem.csproj", "{84319A4B-CDB0-470B-8DFA-914A4E24AA33}"
EndProject
Project("{2150E333-8FDC-42A3-9474-1A3956D46DE8}") = "Solution Items", "Solution Items", "{E50B96EF-D6F8-457C-8261-DB6509A05C07}"
	ProjectSection(SolutionItems) = preProject
		accountInfo = accountInfo
	EndProjectSection
EndProject
Global
	GlobalSection(SolutionConfigurationPlatforms) = preSolution
		Debug|Any CPU = Debug|Any CPU
		Release|Any CPU = Release|Any CPU
	EndGlobalSection
	GlobalSection(ProjectConfigurationPlatforms) = postSolution
		{84319A4B-CDB0-470B-8DFA-914A4E24AA33}.Debug|Any CPU.ActiveCfg = Debug|Any CPU
		{84319A4B-CDB0-470B-8DFA-914A4E24AA33}.Debug|Any CPU.Build.0 = Debug|Any CPU
		{84319A4B-CDB0-470B-8DFA-914A4E24AA33}.Release|Any CPU.ActiveCfg = Release|Any CPU
		{84319A4B-CDB0-470B-8DFA-914A4E24AA33}.Release|Any CPU.Build.0 = Release|Any CPU
	EndGlobalSection
	GlobalSection(SolutionProperties) = preSolution
		HideSolutionNode = FALSE
	EndGlobalSection
	GlobalSection(ExtensibilityGlobals) = postSolution
		SolutionGuid = {9399359B-76C9-4486-8240-BD8185C1B567}
	EndGlobalSection
	GlobalSection(TeamFoundationVersionControl) = preSolution
		SccNumberOfProjects = 2
		SccEnterpriseProvider = {4CA58AB2-18FA-4F8D-95D4-32DDF27D184C}
		SccTeamFoundationServer = https://dev.azure.com/mohamedabdalsalam114
		SccLocalPath0 = .
		SccProjectUniqueName1 = ManagementHighStudySystem\\ManagementHighStudySystem.csproj
		SccProjectName1 = ManagementHighStudySystem
		SccLocalPath1 = ManagementHighStudySystem
	EndGlobalSection
EndGlobal
